
Microsoft Visual Studio Solution File, Format Version 12.00
# Visual Studio Version 17
VisualStudioVersion = 17.4.33205.214
MinimumVisualStudioVersion = 10.0.40219.1
Project("{9A19103F-16F7-4668-BE54-9A1E7A4F7556}") = "OrdersService.Api", "OrdersService.Api.csproj", "{D130DEF5-0C97-48C1-AF13-31E9D83AC7A7}"
EndProject
Project("{FAE04EC0-301F-11D3-BF4B-00C04F79EFBC}") = "OrdersService.Core", "..\OrdersService.Core\OrdersService.Core.csproj", "{0368E2DB-9150-4851-8988-DC854B49365A}"
EndProject
Project("{FAE04EC0-301F-11D3-BF4B-00C04F79EFBC}") = "OrdersService.Infrastructure", "..\OrdersService.Infrastructure\OrdersService.Infrastructure.csproj", "{F97FC93E-9DBB-424C-827D-ED92A4B19589}"
EndProject
Global
	GlobalSection(SolutionConfigurationPlatforms) = preSolution
		Debug|Any CPU = Debug|Any CPU
		Release|Any CPU = Release|Any CPU
	EndGlobalSection
	GlobalSection(ProjectConfigurationPlatforms) = postSolution
		{D130DEF5-0C97-48C1-AF13-31E9D83AC7A7}.Debug|Any CPU.ActiveCfg = Debug|Any CPU
		{D130DEF5-0C97-48C1-AF13-31E9D83AC7A7}.Debug|Any CPU.Build.0 = Debug|Any CPU
		{D130DEF5-0C97-48C1-AF13-31E9D83AC7A7}.Release|Any CPU.ActiveCfg = Release|Any CPU
		{D130DEF5-0C97-48C1-AF13-31E9D83AC7A7}.Release|Any CPU.Build.0 = Release|Any CPU
		{0368E2DB-9150-4851-8988-DC854B49365A}.Debug|Any CPU.ActiveCfg = Debug|Any CPU
		{0368E2DB-9150-4851-8988-DC854B49365A}.Debug|Any CPU.Build.0 = Debug|Any CPU
		{0368E2DB-9150-4851-8988-DC854B49365A}.Release|Any CPU.ActiveCfg = Release|Any CPU
		{0368E2DB-9150-4851-8988-DC854B49365A}.Release|Any CPU.Build.0 = Release|Any CPU
		{F97FC93E-9DBB-424C-827D-ED92A4B19589}.Debug|Any CPU.ActiveCfg = Debug|Any CPU
		{F97FC93E-9DBB-424C-827D-ED92A4B19589}.Debug|Any CPU.Build.0 = Debug|Any CPU
		{F97FC93E-9DBB-424C-827D-ED92A4B19589}.Release|Any CPU.ActiveCfg = Release|Any CPU
		{F97FC93E-9DBB-424C-827D-ED92A4B19589}.Release|Any CPU.Build.0 = Release|Any CPU
	EndGlobalSection
	GlobalSection(SolutionProperties) = preSolution
		HideSolutionNode = FALSE
	EndGlobalSection
	GlobalSection(ExtensibilityGlobals) = postSolution
		SolutionGuid = {F4CE80CB-662C-4B31-A255-F4EC54C1C94B}
	EndGlobalSection
EndGlobal
